lockfileVersion: '6.0'

settings:
  autoInstallPeers: true
  excludeLinksFromLockfile: false

dependencies:
  '@opentelemetry/api':
    specifier: ^1.7.0
    version: 1.7.0
  '@prisma/client':
    specifier: ^5.13.0
    version: 5.13.0(prisma@5.13.0)
  '@vercel/kv':
    specifier: ^1.0.1
    version: 1.0.1
  prisma:
    specifier: ^5.13.0
    version: 5.13.0

packages:

  /@opentelemetry/api@1.7.0:
    resolution: {integrity: sha512-AdY5wvN0P2vXBi3b29hxZgSFvdhdxPB9+f0B6s//P9Q8nibRWeA3cHm8UmLpio9ABigkVHJ5NMPk+Mz8VCCyrw==}
    engines: {node: '>=8.0.0'}
    dev: false

  /@prisma/client@5.13.0(prisma@5.13.0):
    resolution: {integrity: sha512-uYdfpPncbZ/syJyiYBwGZS8Gt1PTNoErNYMuqHDa2r30rNSFtgTA/LXsSk55R7pdRTMi5pHkeP9B14K6nHmwkg==}
    engines: {node: '>=16.13'}
    requiresBuild: true
    peerDependencies:
      prisma: '*'
    peerDependenciesMeta:
      prisma:
        optional: true
    dependencies:
      prisma: 5.13.0
    dev: false

  /@prisma/debug@5.13.0:
    resolution: {integrity: sha512-699iqlEvzyCj9ETrXhs8o8wQc/eVW+FigSsHpiskSFydhjVuwTJEfj/nIYqTaWFYuxiWQRfm3r01meuW97SZaQ==}
    dev: false

  /@prisma/engines-version@5.13.0-23.b9a39a7ee606c28e3455d0fd60e78c3ba82b1a2b:
    resolution: {integrity: sha512-AyUuhahTINGn8auyqYdmxsN+qn0mw3eg+uhkp8zwknXYIqoT3bChG4RqNY/nfDkPvzWAPBa9mrDyBeOnWSgO6A==}
    dev: false

  /@prisma/engines@5.13.0:
    resolution: {integrity: sha512-hIFLm4H1boj6CBZx55P4xKby9jgDTeDG0Jj3iXtwaaHmlD5JmiDkZhh8+DYWkTGchu+rRF36AVROLnk0oaqhHw==}
    requiresBuild: true
    dependencies:
      '@prisma/debug': 5.13.0
      '@prisma/engines-version': 5.13.0-23.b9a39a7ee606c28e3455d0fd60e78c3ba82b1a2b
      '@prisma/fetch-engine': 5.13.0
      '@prisma/get-platform': 5.13.0
    dev: false

  /@prisma/fetch-engine@5.13.0:
    resolution: {integrity: sha512-Yh4W+t6YKyqgcSEB3odBXt7QyVSm0OQlBSldQF2SNXtmOgMX8D7PF/fvH6E6qBCpjB/yeJLy/FfwfFijoHI6sA==}
    dependencies:
      '@prisma/debug': 5.13.0
      '@prisma/engines-version': 5.13.0-23.b9a39a7ee606c28e3455d0fd60e78c3ba82b1a2b
      '@prisma/get-platform': 5.13.0
    dev: false

  /@prisma/get-platform@5.13.0:
    resolution: {integrity: sha512-B/WrQwYTzwr7qCLifQzYOmQhZcFmIFhR81xC45gweInSUn2hTEbfKUPd2keAog+y5WI5xLAFNJ3wkXplvSVkSw==}
    dependencies:
      '@prisma/debug': 5.13.0
    dev: false

  /@upstash/redis@1.25.1:
    resolution: {integrity: sha512-ACj0GhJ4qrQyBshwFgPod6XufVEfKX2wcaihsEvSdLYnY+m+pa13kGt1RXm/yTHKf4TQi/Dy2A8z/y6WUEOmlg==}
    dependencies:
      crypto-js: 4.2.0
    dev: false

  /@vercel/kv@1.0.1:
    resolution: {integrity: sha512-uTKddsqVYS2GRAM/QMNNXCTuw9N742mLoGRXoNDcyECaxEXvIHG0dEY+ZnYISV4Vz534VwJO+64fd9XeSggSKw==}
    engines: {node: '>=14.6'}
    dependencies:
      '@upstash/redis': 1.25.1
    dev: false

  /crypto-js@4.2.0:
    resolution: {integrity: sha512-KALDyEYgpY+Rlob/iriUtjV6d5Eq+Y191A5g4UqLAi8CyGP9N1+FdVbkc1SxKc2r4YAYqG8JzO2KGL+AizD70Q==}
    dev: false

  /prisma@5.13.0:
    resolution: {integrity: sha512-kGtcJaElNRAdAGsCNykFSZ7dBKpL14Cbs+VaQ8cECxQlRPDjBlMHNFYeYt0SKovAVy2Y65JXQwB3A5+zIQwnTg==}
    engines: {node: '>=16.13'}
    hasBin: true
    requiresBuild: true
    dependencies:
      '@prisma/engines': 5.13.0
    dev: false
