lockfileVersion: '6.0'

settings:
  autoInstallPeers: true
  excludeLinksFromLockfile: false

dependencies:
  '@opentelemetry/api':
    specifier: ^1.7.0
    version: 1.7.0
  '@vercel/kv':
    specifier: ^1.0.1
    version: 1.0.1

packages:

  /@opentelemetry/api@1.7.0:
    resolution: {integrity: sha512-AdY5wvN0P2vXBi3b29hxZgSFvdhdxPB9+f0B6s//P9Q8nibRWeA3cHm8UmLpio9ABigkVHJ5NMPk+Mz8VCCyrw==}
    engines: {node: '>=8.0.0'}
    dev: false

  /@upstash/redis@1.25.1:
    resolution: {integrity: sha512-ACj0GhJ4qrQyBshwFgPod6XufVEfKX2wcaihsEvSdLYnY+m+pa13kGt1RXm/yTHKf4TQi/Dy2A8z/y6WUEOmlg==}
    dependencies:
      crypto-js: 4.2.0
    dev: false

  /@vercel/kv@1.0.1:
    resolution: {integrity: sha512-uTKddsqVYS2GRAM/QMNNXCTuw9N742mLoGRXoNDcyECaxEXvIHG0dEY+ZnYISV4Vz534VwJO+64fd9XeSggSKw==}
    engines: {node: '>=14.6'}
    dependencies:
      '@upstash/redis': 1.25.1
    dev: false

  /crypto-js@4.2.0:
    resolution: {integrity: sha512-KALDyEYgpY+Rlob/iriUtjV6d5Eq+Y191A5g4UqLAi8CyGP9N1+FdVbkc1SxKc2r4YAYqG8JzO2KGL+AizD70Q==}
    dev: false
